// !$*UTF8*$!
{
	archiveVersion = 1;
	classes = {
	};
	objectVersion = 56;
	objects = {

/* Begin PBXBuildFile section */
		0FF380312C22758400C5E632 /* SEMAI2_0App.swift in Sources */ = {isa = PBXBuildFile; fileRef = 0FF380302C22758400C5E632 /* SEMAI2_0App.swift */; };
		0FF380332C22758400C5E632 /* Persistence.swift in Sources */ = {isa = PBXBuildFile; fileRef = 0FF380322C22758400C5E632 /* Persistence.swift */; };
		0FF380362C22758400C5E632 /* SEMAI2_0.xcdatamodeld in Sources */ = {isa = PBXBuildFile; fileRef = 0FF380342C22758400C5E632 /* SEMAI2_0.xcdatamodeld */; };
		0FF380382C22758400C5E632 /* ContentView.swift in Sources */ = {isa = PBXBuildFile; fileRef = 0FF380372C22758400C5E632 /* ContentView.swift */; };
		0FF3803A2C22758600C5E632 /* Assets.xcassets in Resources */ = {isa = PBXBuildFile; fileRef = 0FF380392C22758600C5E632 /* Assets.xcassets */; };
		0FF3803E2C22758600C5E632 /* Preview Assets.xcassets in Resources */ = {isa = PBXBuildFile; fileRef = 0FF3803D2C22758600C5E632 /* Preview Assets.xcassets */; };
		0FF380482C22758600C5E632 /* SEMAI2_0Tests.swift in Sources */ = {isa = PBXBuildFile; fileRef = 0FF380472C22758600C5E632 /* SEMAI2_0Tests.swift */; };
		0FF380522C22758600C5E632 /* SEMAI2_0UITests.swift in Sources */ = {isa = PBXBuildFile; fileRef = 0FF380512C22758600C5E632 /* SEMAI2_0UITests.swift */; };
		0FF380542C22758600C5E632 /* SEMAI2_0UITestsLaunchTests.swift in Sources */ = {isa = PBXBuildFile; fileRef = 0FF380532C22758600C5E632 /* SEMAI2_0UITestsLaunchTests.swift */; };
/* End PBXBuildFile section */

/* Begin PBXContainerItemProxy section */
		0FF380442C22758600C5E632 /* PBXContainerItemProxy */ = {
			isa = PBXContainerItemProxy;
			containerPortal = 0FF380252C22758400C5E632 /* Project object */;
			proxyType = 1;
			remoteGlobalIDString = 0FF3802C2C22758400C5E632;
			remoteInfo = SEMAI2.0;
		};
		0FF3804E2C22758600C5E632 /* PBXContainerItemProxy */ = {
			isa = PBXContainerItemProxy;
			containerPortal = 0FF380252C22758400C5E632 /* Project object */;
			proxyType = 1;
			remoteGlobalIDString = 0FF3802C2C22758400C5E632;
			remoteInfo = SEMAI2.0;
		};
/* End PBXContainerItemProxy section */

/* Begin PBXFileReference section */
		0FF3802D2C22758400C5E632 /* SEMAI2.0.app */ = {isa = PBXFileReference; explicitFileType = wrapper.application; includeInIndex = 0; path = SEMAI2.0.app; sourceTree = BUILT_PRODUCTS_DIR; };
		0FF380302C22758400C5E632 /* SEMAI2_0App.swift */ = {isa = PBXFileReference; lastKnownFileType = sourcecode.swift; path = SEMAI2_0App.swift; sourceTree = "<group>"; };
		0FF380322C22758400C5E632 /* Persistence.swift */ = {isa = PBXFileReference; lastKnownFileType = sourcecode.swift; path = Persistence.swift; sourceTree = "<group>"; };
		0FF380352C22758400C5E632 /* SEMAI2_0.xcdatamodel */ = {isa = PBXFileReference; lastKnownFileType = wrapper.xcdatamodel; path = SEMAI2_0.xcdatamodel; sourceTree = "<group>"; };
		0FF380372C22758400C5E632 /* ContentView.swift */ = {isa = PBXFileReference; lastKnownFileType = sourcecode.swift; path = ContentView.swift; sourceTree = "<group>"; };
		0FF380392C22758600C5E632 /* Assets.xcassets */ = {isa = PBXFileReference; lastKnownFileType = folder.assetcatalog; path = Assets.xcassets; sourceTree = "<group>"; };
		0FF3803B2C22758600C5E632 /* SEMAI2_0.entitlements */ = {isa = PBXFileReference; lastKnownFileType = text.plist.entitlements; path = SEMAI2_0.entitlements; sourceTree = "<group>"; };
		0FF3803D2C22758600C5E632 /* Preview Assets.xcassets */ = {isa = PBXFileReference; lastKnownFileType = folder.assetcatalog; path = "Preview Assets.xcassets"; sourceTree = "<group>"; };
		0FF380432C22758600C5E632 /* SEMAI2.0Tests.xctest */ = {isa = PBXFileReference; explicitFileType = wrapper.cfbundle; includeInIndex = 0; path = SEMAI2.0Tests.xctest; sourceTree = BUILT_PRODUCTS_DIR; };
		0FF380472C22758600C5E632 /* SEMAI2_0Tests.swift */ = {isa = PBXFileReference; lastKnownFileType = sourcecode.swift; path = SEMAI2_0Tests.swift; sourceTree = "<group>"; };
		0FF3804D2C22758600C5E632 /* SEMAI2.0UITests.xctest */ = {isa = PBXFileReference; explicitFileType = wrapper.cfbundle; includeInIndex = 0; path = SEMAI2.0UITests.xctest; sourceTree = BUILT_PRODUCTS_DIR; };
		0FF380512C22758600C5E632 /* SEMAI2_0UITests.swift */ = {isa = PBXFileReference; lastKnownFileType = sourcecode.swift; path = SEMAI2_0UITests.swift; sourceTree = "<group>"; };
		0FF380532C22758600C5E632 /* SEMAI2_0UITestsLaunchTests.swift */ = {isa = PBXFileReference; lastKnownFileType = sourcecode.swift; path = SEMAI2_0UITestsLaunchTests.swift; sourceTree = "<group>"; };
/* End PBXFileReference section */

/* Begin PBXFrameworksBuildPhase section */
		0FF3802A2C22758400C5E632 /* Frameworks */ = {
			isa = PBXFrameworksBuildPhase;
			buildActionMask = 2147483647;
			files = (
			);
			runOnlyForDeploymentPostprocessing = 0;
		};
		0FF380402C22758600C5E632 /* Frameworks */ = {
			isa = PBXFrameworksBuildPhase;
			buildActionMask = 2147483647;
			files = (
			);
			runOnlyForDeploymentPostprocessing = 0;
		};
		0FF3804A2C22758600C5E632 /* Frameworks */ = {
			isa = PBXFrameworksBuildPhase;
			buildActionMask = 2147483647;
			files = (
			);
			runOnlyForDeploymentPostprocessing = 0;
		};
/* End PBXFrameworksBuildPhase section */

/* Begin PBXGroup section */
		0FF380242C22758400C5E632 = {
			isa = PBXGroup;
			children = (
				0FF3802F2C22758400C5E632 /* SEMAI2.0 */,
				0FF380462C22758600C5E632 /* SEMAI2.0Tests */,
				0FF380502C22758600C5E632 /* SEMAI2.0UITests */,
				0FF3802E2C22758400C5E632 /* Products */,
			);
			sourceTree = "<group>";
		};
		0FF3802E2C22758400C5E632 /* Products */ = {
			isa = PBXGroup;
			children = (
				0FF3802D2C22758400C5E632 /* SEMAI2.0.app */,
				0FF380432C22758600C5E632 /* SEMAI2.0Tests.xctest */,
				0FF3804D2C22758600C5E632 /* SEMAI2.0UITests.xctest */,
			);
			name = Products;
			sourceTree = "<group>";
		};
		0FF3802F2C22758400C5E632 /* SEMAI2.0 */ = {
			isa = PBXGroup;
			children = (
				0FF380302C22758400C5E632 /* SEMAI2_0App.swift */,
				0FF380322C22758400C5E632 /* Persistence.swift */,
				0FF380372C22758400C5E632 /* ContentView.swift */,
				0FF380392C22758600C5E632 /* Assets.xcassets */,
				0FF3803B2C22758600C5E632 /* SEMAI2_0.entitlements */,
				0FF380342C22758400C5E632 /* SEMAI2_0.xcdatamodeld */,
				0FF3803C2C22758600C5E632 /* Preview Content */,
			);
			path = SEMAI2.0;
			sourceTree = "<group>";
		};
		0FF3803C2C22758600C5E632 /* Preview Content */ = {
			isa = PBXGroup;
			children = (
				0FF3803D2C22758600C5E632 /* Preview Assets.xcassets */,
			);
			path = "Preview Content";
			sourceTree = "<group>";
		};
		0FF380462C22758600C5E632 /* SEMAI2.0Tests */ = {
			isa = PBXGroup;
			children = (
				0FF380472C22758600C5E632 /* SEMAI2_0Tests.swift */,
			);
			path = SEMAI2.0Tests;
			sourceTree = "<group>";
		};
		0FF380502C22758600C5E632 /* SEMAI2.0UITests */ = {
			isa = PBXGroup;
			children = (
				0FF380512C22758600C5E632 /* SEMAI2_0UITests.swift */,
				0FF380532C22758600C5E632 /* SEMAI2_0UITestsLaunchTests.swift */,
			);
			path = SEMAI2.0UITests;
			sourceTree = "<group>";
		};
/* End PBXGroup section */

/* Begin PBXNativeTarget section */
		0FF3802C2C22758400C5E632 /* SEMAI2.0 */ = {
			isa = PBXNativeTarget;
			buildConfigurationList = 0FF380572C22758600C5E632 /* Build configuration list for PBXNativeTarget "SEMAI2.0" */;
			buildPhases = (
				0FF380292C22758400C5E632 /* Sources */,
				0FF3802A2C22758400C5E632 /* Frameworks */,
				0FF3802B2C22758400C5E632 /* Resources */,
			);
			buildRules = (
			);
			dependencies = (
			);
			name = SEMAI2.0;
			productName = SEMAI2.0;
			productReference = 0FF3802D2C22758400C5E632 /* SEMAI2.0.app */;
			productType = "com.apple.product-type.application";
		};
		0FF380422C22758600C5E632 /* SEMAI2.0Tests */ = {
			isa = PBXNativeTarget;
			buildConfigurationList = 0FF3805A2C22758600C5E632 /* Build configuration list for PBXNativeTarget "SEMAI2.0Tests" */;
			buildPhases = (
				0FF3803F2C22758600C5E632 /* Sources */,
				0FF380402C22758600C5E632 /* Frameworks */,
				0FF380412C22758600C5E632 /* Resources */,
			);
			buildRules = (
			);
			dependencies = (
				0FF380452C22758600C5E632 /* PBXTargetDependency */,
			);
			name = SEMAI2.0Tests;
			productName = SEMAI2.0Tests;
			productReference = 0FF380432C22758600C5E632 /* SEMAI2.0Tests.xctest */;
			productType = "com.apple.product-type.bundle.unit-test";
		};
		0FF3804C2C22758600C5E632 /* SEMAI2.0UITests */ = {
			isa = PBXNativeTarget;
			buildConfigurationList = 0FF3805D2C22758600C5E632 /* Build configuration list for PBXNativeTarget "SEMAI2.0UITests" */;
			buildPhases = (
				0FF380492C22758600C5E632 /* Sources */,
				0FF3804A2C22758600C5E632 /* Frameworks */,
				0FF3804B2C22758600C5E632 /* Resources */,
			);
			buildRules = (
			);
			dependencies = (
				0FF3804F2C22758600C5E632 /* PBXTargetDependency */,
			);
			name = SEMAI2.0UITests;
			productName = SEMAI2.0UITests;
			productReference = 0FF3804D2C22758600C5E632 /* SEMAI2.0UITests.xctest */;
			productType = "com.apple.product-type.bundle.ui-testing";
		};
/* End PBXNativeTarget section */

/* Begin PBXProject section */
		0FF380252C22758400C5E632 /* Project object */ = {
			isa = PBXProject;
			attributes = {
				BuildIndependentTargetsInParallel = 1;
				LastSwiftUpdateCheck = 1540;
				LastUpgradeCheck = 1540;
				TargetAttributes = {
					0FF3802C2C22758400C5E632 = {
						CreatedOnToolsVersion = 15.4;
					};
					0FF380422C22758600C5E632 = {
						CreatedOnToolsVersion = 15.4;
						TestTargetID = 0FF3802C2C22758400C5E632;
					};
					0FF3804C2C22758600C5E632 = {
						CreatedOnToolsVersion = 15.4;
						TestTargetID = 0FF3802C2C22758400C5E632;
					};
				};
			};
			buildConfigurationList = 0FF380282C22758400C5E632 /* Build configuration list for PBXProject "SEMAI2.0" */;
			compatibilityVersion = "Xcode 14.0";
			developmentRegion = en;
			hasScannedForEncodings = 0;
			knownRegions = (
				en,
				Base,
			);
			mainGroup = 0FF380242C22758400C5E632;
			productRefGroup = 0FF3802E2C22758400C5E632 /* Products */;
			projectDirPath = "";
			projectRoot = "";
			targets = (
				0FF3802C2C22758400C5E632 /* SEMAI2.0 */,
				0FF380422C22758600C5E632 /* SEMAI2.0Tests */,
				0FF3804C2C22758600C5E632 /* SEMAI2.0UITests */,
			);
		};
/* End PBXProject section */

/* Begin PBXResourcesBuildPhase section */
		0FF3802B2C22758400C5E632 /* Resources */ = {
			isa = PBXResourcesBuildPhase;
			buildActionMask = 2147483647;
			files = (
				0FF3803E2C22758600C5E632 /* Preview Assets.xcassets in Resources */,
				0FF3803A2C22758600C5E632 /* Assets.xcassets in Resources */,
			);
			runOnlyForDeploymentPostprocessing = 0;
		};
		0FF380412C22758600C5E632 /* Resources */ = {
			isa = PBXResourcesBuildPhase;
			buildActionMask = 2147483647;
			files = (
			);
			runOnlyForDeploymentPostprocessing = 0;
		};
		0FF3804B2C22758600C5E632 /* Resources */ = {
			isa = PBXResourcesBuildPhase;
			buildActionMask = 2147483647;
			files = (
			);
			runOnlyForDeploymentPostprocessing = 0;
		};
/* End PBXResourcesBuildPhase section */

/* Begin PBXSourcesBuildPhase section */
		0FF380292C22758400C5E632 /* Sources */ = {
			isa = PBXSourcesBuildPhase;
			buildActionMask = 2147483647;
			files = (
				0FF380362C22758400C5E632 /* SEMAI2_0.xcdatamodeld in Sources */,
				0FF380312C22758400C5E632 /* SEMAI2_0App.swift in Sources */,
				0FF380382C22758400C5E632 /* ContentView.swift in Sources */,
				0FF380332C22758400C5E632 /* Persistence.swift in Sources */,
			);
			runOnlyForDeploymentPostprocessing = 0;
		};
		0FF3803F2C22758600C5E632 /* Sources */ = {
			isa = PBXSourcesBuildPhase;
			buildActionMask = 2147483647;
			files = (
				0FF380482C22758600C5E632 /* SEMAI2_0Tests.swift in Sources */,
			);
			runOnlyForDeploymentPostprocessing = 0;
		};
		0FF380492C22758600C5E632 /* Sources */ = {
			isa = PBXSourcesBuildPhase;
			buildActionMask = 2147483647;
			files = (
				0FF380542C22758600C5E632 /* SEMAI2_0UITestsLaunchTests.swift in Sources */,
				0FF380522C22758600C5E632 /* SEMAI2_0UITests.swift in Sources */,
			);
			runOnlyForDeploymentPostprocessing = 0;
		};
/* End PBXSourcesBuildPhase section */

/* Begin PBXTargetDependency section */
		0FF380452C22758600C5E632 /* PBXTargetDependency */ = {
			isa = PBXTargetDependency;
			target = 0FF3802C2C22758400C5E632 /* SEMAI2.0 */;
			targetProxy = 0FF380442C22758600C5E632 /* PBXContainerItemProxy */;
		};
		0FF3804F2C22758600C5E632 /* PBXTargetDependency */ = {
			isa = PBXTargetDependency;
			target = 0FF3802C2C22758400C5E632 /* SEMAI2.0 */;
			targetProxy = 0FF3804E2C22758600C5E632 /* PBXContainerItemProxy */;
		};
/* End PBXTargetDependency section */

/* Begin XCBuildConfiguration section */
		0FF380552C22758600C5E632 /* Debug */ = {
			isa = XCBuildConfiguration;
			buildSettings = {
				ALWAYS_SEARCH_USER_PATHS = NO;
				ASSETCATALOG_COMPILER_GENERATE_SWIFT_ASSET_SYMBOL_EXTENSIONS = YES;
				CLANG_ANALYZER_NONNULL = YES;
				CLANG_ANALYZER_NUMBER_OBJECT_CONVERSION = YES_AGGRESSIVE;
				CLANG_CXX_LANGUAGE_STANDARD = "gnu++20";
				CLANG_ENABLE_MODULES = YES;
				CLANG_ENABLE_OBJC_ARC = YES;
				CLANG_ENABLE_OBJC_WEAK = YES;
				CLANG_WARN_BLOCK_CAPTURE_AUTORELEASING = YES;
				CLANG_WARN_BOOL_CONVERSION = YES;
				CLANG_WARN_COMMA = YES;
				CLANG_WARN_CONSTANT_CONVERSION = YES;
				CLANG_WARN_DEPRECATED_OBJC_IMPLEMENTATIONS = YES;
				CLANG_WARN_DIRECT_OBJC_ISA_USAGE = YES_ERROR;
				CLANG_WARN_DOCUMENTATION_COMMENTS = YES;
				CLANG_WARN_EMPTY_BODY = YES;
				CLANG_WARN_ENUM_CONVERSION = YES;
				CLANG_WARN_INFINITE_RECURSION = YES;
				CLANG_WARN_INT_CONVERSION = YES;
				CLANG_WARN_NON_LITERAL_NULL_CONVERSION = YES;
				CLANG_WARN_OBJC_IMPLICIT_RETAIN_SELF = YES;
				CLANG_WARN_OBJC_LITERAL_CONVERSION = YES;
				CLANG_WARN_OBJC_ROOT_CLASS = YES_ERROR;
				CLANG_WARN_QUOTED_INCLUDE_IN_FRAMEWORK_HEADER = YES;
				CLANG_WARN_RANGE_LOOP_ANALYSIS = YES;
				CLANG_WARN_STRICT_PROTOTYPES = YES;
				CLANG_WARN_SUSPICIOUS_MOVE = YES;
				CLANG_WARN_UNGUARDED_AVAILABILITY = YES_AGGRESSIVE;
				CLANG_WARN_UNREACHABLE_CODE = YES;
				CLANG_WARN__DUPLICATE_METHOD_MATCH = YES;
				COPY_PHASE_STRIP = NO;
				DEBUG_INFORMATION_FORMAT = dwarf;
				ENABLE_STRICT_OBJC_MSGSEND = YES;
				ENABLE_TESTABILITY = YES;
				ENABLE_USER_SCRIPT_SANDBOXING = YES;
				GCC_C_LANGUAGE_STANDARD = gnu17;
				GCC_DYNAMIC_NO_PIC = NO;
				GCC_NO_COMMON_BLOCKS = YES;
				GCC_OPTIMIZATION_LEVEL = 0;
				GCC_PREPROCESSOR_DEFINITIONS = (
					"DEBUG=1",
					"$(inherited)",
				);
				GCC_WARN_64_TO_32_BIT_CONVERSION = YES;
				GCC_WARN_ABOUT_RETURN_TYPE = YES_ERROR;
				GCC_WARN_UNDECLARED_SELECTOR = YES;
				GCC_WARN_UNINITIALIZED_AUTOS = YES_AGGRESSIVE;
				GCC_WARN_UNUSED_FUNCTION = YES;
				GCC_WARN_UNUSED_VARIABLE = YES;
				LOCALIZATION_PREFERS_STRING_CATALOGS = YES;
				MTL_ENABLE_DEBUG_INFO = INCLUDE_SOURCE;
				MTL_FAST_MATH = YES;
				ONLY_ACTIVE_ARCH = YES;
				SWIFT_ACTIVE_COMPILATION_CONDITIONS = "DEBUG $(inherited)";
				SWIFT_OPTIMIZATION_LEVEL = "-Onone";
			};
			name = Debug;
		};
		0FF380562C22758600C5E632 /* Release */ = {
			isa = XCBuildConfiguration;
			buildSettings = {
				ALWAYS_SEARCH_USER_PATHS = NO;
				ASSETCATALOG_COMPILER_GENERATE_SWIFT_ASSET_SYMBOL_EXTENSIONS = YES;
				CLANG_ANALYZER_NONNULL = YES;
				CLANG_ANALYZER_NUMBER_OBJECT_CONVERSION = YES_AGGRESSIVE;
				CLANG_CXX_LANGUAGE_STANDARD = "gnu++20";
				CLANG_ENABLE_MODULES = YES;
				CLANG_ENABLE_OBJC_ARC = YES;
				CLANG_ENABLE_OBJC_WEAK = YES;
				CLANG_WARN_BLOCK_CAPTURE_AUTORELEASING = YES;
				CLANG_WARN_BOOL_CONVERSION = YES;
				CLANG_WARN_COMMA = YES;
				CLANG_WARN_CONSTANT_CONVERSION = YES;
				CLANG_WARN_DEPRECATED_OBJC_IMPLEMENTATIONS = YES;
				CLANG_WARN_DIRECT_OBJC_ISA_USAGE = YES_ERROR;
				CLANG_WARN_DOCUMENTATION_COMMENTS = YES;
				CLANG_WARN_EMPTY_BODY = YES;
				CLANG_WARN_ENUM_CONVERSION = YES;
				CLANG_WARN_INFINITE_RECURSION = YES;
				CLANG_WARN_INT_CONVERSION = YES;
				CLANG_WARN_NON_LITERAL_NULL_CONVERSION = YES;
				CLANG_WARN_OBJC_IMPLICIT_RETAIN_SELF = YES;
				CLANG_WARN_OBJC_LITERAL_CONVERSION = YES;
				CLANG_WARN_OBJC_ROOT_CLASS = YES_ERROR;
				CLANG_WARN_QUOTED_INCLUDE_IN_FRAMEWORK_HEADER = YES;
				CLANG_WARN_RANGE_LOOP_ANALYSIS = YES;
				CLANG_WARN_STRICT_PROTOTYPES = YES;
				CLANG_WARN_SUSPICIOUS_MOVE = YES;
				CLANG_WARN_UNGUARDED_AVAILABILITY = YES_AGGRESSIVE;
				CLANG_WARN_UNREACHABLE_CODE = YES;
				CLANG_WARN__DUPLICATE_METHOD_MATCH = YES;
				COPY_PHASE_STRIP = NO;
				DEBUG_INFORMATION_FORMAT = "dwarf-with-dsym";
				ENABLE_NS_ASSERTIONS = NO;
				ENABLE_STRICT_OBJC_MSGSEND = YES;
				ENABLE_USER_SCRIPT_SANDBOXING = YES;
				GCC_C_LANGUAGE_STANDARD = gnu17;
				GCC_NO_COMMON_BLOCKS = YES;
				GCC_WARN_64_TO_32_BIT_CONVERSION = YES;
				GCC_WARN_ABOUT_RETURN_TYPE = YES_ERROR;
				GCC_WARN_UNDECLARED_SELECTOR = YES;
				GCC_WARN_UNINITIALIZED_AUTOS = YES_AGGRESSIVE;
				GCC_WARN_UNUSED_FUNCTION = YES;
				GCC_WARN_UNUSED_VARIABLE = YES;
				LOCALIZATION_PREFERS_STRING_CATALOGS = YES;
				MTL_ENABLE_DEBUG_INFO = NO;
				MTL_FAST_MATH = YES;
				SWIFT_COMPILATION_MODE = wholemodule;
			};
			name = Release;
		};
		0FF380582C22758600C5E632 /* Debug */ = {
			isa = XCBuildConfiguration;
			buildSettings = {
				ASSETCATALOG_COMPILER_APPICON_NAME = AppIcon;
				ASSETCATALOG_COMPILER_GLOBAL_ACCENT_COLOR_NAME = AccentColor;
				CODE_SIGN_ENTITLEMENTS = SEMAI2.0/SEMAI2_0.entitlements;
				CODE_SIGN_STYLE = Automatic;
				CURRENT_PROJECT_VERSION = 1;
				DEVELOPMENT_ASSET_PATHS = "\"SEMAI2.0/Preview Content\"";
				ENABLE_PREVIEWS = YES;
				GENERATE_INFOPLIST_FILE = YES;
				"INFOPLIST_KEY_UIApplicationSceneManifest_Generation[sdk=iphoneos*]" = YES;
				"INFOPLIST_KEY_UIApplicationSceneManifest_Generation[sdk=iphonesimulator*]" = YES;
				"INFOPLIST_KEY_UIApplicationSupportsIndirectInputEvents[sdk=iphoneos*]" = YES;
				"INFOPLIST_KEY_UIApplicationSupportsIndirectInputEvents[sdk=iphonesimulator*]" = YES;
				"INFOPLIST_KEY_UILaunchScreen_Generation[sdk=iphoneos*]" = YES;
				"INFOPLIST_KEY_UILaunchScreen_Generation[sdk=iphonesimulator*]" = YES;
				"INFOPLIST_KEY_UIStatusBarStyle[sdk=iphoneos*]" = UIStatusBarStyleDefault;
				"INFOPLIST_KEY_UIStatusBarStyle[sdk=iphonesimulator*]" = UIStatusBarStyleDefault;
				INFOPLIST_KEY_UISupportedInterfaceOrientations_iPad = "UIInterfaceOrientationPortrait UIInterfaceOrientationPortraitUpsideDown UIInterfaceOrientationLandscapeLeft UIInterfaceOrientationLandscapeRight";
				INFOPLIST_KEY_UISupportedInterfaceOrientations_iPhone = "UIInterfaceOrientationPortrait UIInterfaceOrientationLandscapeLeft UIInterfaceOrientationLandscapeRight";
				IPHONEOS_DEPLOYMENT_TARGET = 17.5;
				LD_RUNPATH_SEARCH_PATHS = "@executable_path/Frameworks";
				"LD_RUNPATH_SEARCH_PATHS[sdk=macosx*]" = "@executable_path/../Frameworks";
				MACOSX_DEPLOYMENT_TARGET = 14.5;
				MARKETING_VERSION = 1.0;
				PRODUCT_BUNDLE_IDENTIFIER = "SEMPSUN-AI-T-ELECTRONIC-CURRENCY-DESIGN-AND-PROGRAMMING---L.L.C.SEMAI2-0";
				PRODUCT_NAME = "$(TARGET_NAME)";
				SDKROOT = auto;
				SUPPORTED_PLATFORMS = "iphoneos iphonesimulator macosx";
				SWIFT_EMIT_LOC_STRINGS = YES;
				SWIFT_VERSION = 5.0;
				TARGETED_DEVICE_FAMILY = "1,2";
			};
			name = Debug;
		};
		0FF380592C22758600C5E632 /* Release */ = {
			isa = XCBuildConfiguration;
			buildSettings = {
				ASSETCATALOG_COMPILER_APPICON_NAME = AppIcon;
				ASSETCATALOG_COMPILER_GLOBAL_ACCENT_COLOR_NAME = AccentColor;
				CODE_SIGN_ENTITLEMENTS = SEMAI2.0/SEMAI2_0.entitlements;
				CODE_SIGN_STYLE = Automatic;
				CURRENT_PROJECT_VERSION = 1;
				DEVELOPMENT_ASSET_PATHS = "\"SEMAI2.0/Preview Content\"";
				ENABLE_PREVIEWS = YES;
				GENERATE_INFOPLIST_FILE = YES;
				"INFOPLIST_KEY_UIApplicationSceneManifest_Generation[sdk=iphoneos*]" = YES;
				"INFOPLIST_KEY_UIApplicationSceneManifest_Generation[sdk=iphonesimulator*]" = YES;
				"INFOPLIST_KEY_UIApplicationSupportsIndirectInputEvents[sdk=iphoneos*]" = YES;
				"INFOPLIST_KEY_UIApplicationSupportsIndirectInputEvents[sdk=iphonesimulator*]" = YES;
				"INFOPLIST_KEY_UILaunchScreen_Generation[sdk=iphoneos*]" = YES;
				"INFOPLIST_KEY_UILaunchScreen_Generation[sdk=iphonesimulator*]" = YES;
				"INFOPLIST_KEY_UIStatusBarStyle[sdk=iphoneos*]" = UIStatusBarStyleDefault;
				"INFOPLIST_KEY_UIStatusBarStyle[sdk=iphonesimulator*]" = UIStatusBarStyleDefault;
				INFOPLIST_KEY_UISupportedInterfaceOrientations_iPad = "UIInterfaceOrientationPortrait UIInterfaceOrientationPortraitUpsideDown UIInterfaceOrientationLandscapeLeft UIInterfaceOrientationLandscapeRight";
				INFOPLIST_KEY_UISupportedInterfaceOrientations_iPhone = "UIInterfaceOrientationPortrait UIInterfaceOrientationLandscapeLeft UIInterfaceOrientationLandscapeRight";
				IPHONEOS_DEPLOYMENT_TARGET = 17.5;
				LD_RUNPATH_SEARCH_PATHS = "@executable_path/Frameworks";
				"LD_RUNPATH_SEARCH_PATHS[sdk=macosx*]" = "@executable_path/../Frameworks";
				MACOSX_DEPLOYMENT_TARGET = 14.5;
				MARKETING_VERSION = 1.0;
				PRODUCT_BUNDLE_IDENTIFIER = "SEMPSUN-AI-T-ELECTRONIC-CURRENCY-DESIGN-AND-PROGRAMMING---L.L.C.SEMAI2-0";
				PRODUCT_NAME = "$(TARGET_NAME)";
				SDKROOT = auto;
				SUPPORTED_PLATFORMS = "iphoneos iphonesimulator macosx";
				SWIFT_EMIT_LOC_STRINGS = YES;
				SWIFT_VERSION = 5.0;
				TARGETED_DEVICE_FAMILY = "1,2";
			};
			name = Release;
		};
		0FF3805B2C22758600C5E632 /* Debug */ = {
			isa = XCBuildConfiguration;
			buildSettings = {
				ALWAYS_EMBED_SWIFT_STANDARD_LIBRARIES = YES;
				BUNDLE_LOADER = "$(TEST_HOST)";
				CODE_SIGN_STYLE = Automatic;
				CURRENT_PROJECT_VERSION = 1;
				GENERATE_INFOPLIST_FILE = YES;
				IPHONEOS_DEPLOYMENT_TARGET = 17.5;
				MACOSX_DEPLOYMENT_TARGET = 14.5;
				MARKETING_VERSION = 1.0;
				PRODUCT_BUNDLE_IDENTIFIER = "SEMPSUN-AI-T-ELECTRONIC-CURRENCY-DESIGN-AND-PROGRAMMING---L.L.C.SEMAI2-0Tests";
				PRODUCT_NAME = "$(TARGET_NAME)";
				SDKROOT = auto;
				SUPPORTED_PLATFORMS = "iphoneos iphonesimulator macosx";
				SWIFT_EMIT_LOC_STRINGS = NO;
				SWIFT_VERSION = 5.0;
				TARGETED_DEVICE_FAMILY = "1,2";
				TEST_HOST = "$(BUILT_PRODUCTS_DIR)/SEMAI2.0.app/$(BUNDLE_EXECUTABLE_FOLDER_PATH)/SEMAI2.0";
			};
			name = Debug;
		};
		0FF3805C2C22758600C5E632 /* Release */ = {
			isa = XCBuildConfiguration;
			buildSettings = {
				ALWAYS_EMBED_SWIFT_STANDARD_LIBRARIES = YES;
				BUNDLE_LOADER = "$(TEST_HOST)";
				CODE_SIGN_STYLE = Automatic;
				CURRENT_PROJECT_VERSION = 1;
				GENERATE_INFOPLIST_FILE = YES;
				IPHONEOS_DEPLOYMENT_TARGET = 17.5;
				MACOSX_DEPLOYMENT_TARGET = 14.5;
				MARKETING_VERSION = 1.0;
				PRODUCT_BUNDLE_IDENTIFIER = "SEMPSUN-AI-T-ELECTRONIC-CURRENCY-DESIGN-AND-PROGRAMMING---L.L.C.SEMAI2-0Tests";
				PRODUCT_NAME = "$(TARGET_NAME)";
				SDKROOT = auto;
				SUPPORTED_PLATFORMS = "iphoneos iphonesimulator macosx";
				SWIFT_EMIT_LOC_STRINGS = NO;
				SWIFT_VERSION = 5.0;
				TARGETED_DEVICE_FAMILY = "1,2";
				TEST_HOST = "$(BUILT_PRODUCTS_DIR)/SEMAI2.0.app/$(BUNDLE_EXECUTABLE_FOLDER_PATH)/SEMAI2.0";
			};
			name = Release;
		};
		0FF3805E2C22758600C5E632 /* Debug */ = {
			isa = XCBuildConfiguration;
			buildSettings = {
				ALWAYS_EMBED_SWIFT_STANDARD_LIBRARIES = YES;
				CODE_SIGN_STYLE = Automatic;
				CURRENT_PROJECT_VERSION = 1;
				GENERATE_INFOPLIST_FILE = YES;
				IPHONEOS_DEPLOYMENT_TARGET = 17.5;
				MACOSX_DEPLOYMENT_TARGET = 14.5;
				MARKETING_VERSION = 1.0;
				PRODUCT_BUNDLE_IDENTIFIER = "SEMPSUN-AI-T-ELECTRONIC-CURRENCY-DESIGN-AND-PROGRAMMING---L.L.C.SEMAI2-0UITests";
				PRODUCT_NAME = "$(TARGET_NAME)";
				SDKROOT = auto;
				SUPPORTED_PLATFORMS = "iphoneos iphonesimulator macosx";
				SWIFT_EMIT_LOC_STRINGS = NO;
				SWIFT_VERSION = 5.0;
				TARGETED_DEVICE_FAMILY = "1,2";
				TEST_TARGET_NAME = SEMAI2.0;
			};
			name = Debug;
		};
		0FF3805F2C22758600C5E632 /* Release */ = {
			isa = XCBuildConfiguration;
			buildSettings = {
				ALWAYS_EMBED_SWIFT_STANDARD_LIBRARIES = YES;
				CODE_SIGN_STYLE = Automatic;
				CURRENT_PROJECT_VERSION = 1;
				GENERATE_INFOPLIST_FILE = YES;
				IPHONEOS_DEPLOYMENT_TARGET = 17.5;
				MACOSX_DEPLOYMENT_TARGET = 14.5;
				MARKETING_VERSION = 1.0;
				PRODUCT_BUNDLE_IDENTIFIER = "SEMPSUN-AI-T-ELECTRONIC-CURRENCY-DESIGN-AND-PROGRAMMING---L.L.C.SEMAI2-0UITests";
				PRODUCT_NAME = "$(TARGET_NAME)";
				SDKROOT = auto;
				SUPPORTED_PLATFORMS = "iphoneos iphonesimulator macosx";
				SWIFT_EMIT_LOC_STRINGS = NO;
				SWIFT_VERSION = 5.0;
				TARGETED_DEVICE_FAMILY = "1,2";
				TEST_TARGET_NAME = SEMAI2.0;
			};
			name = Release;
		};
/* End XCBuildConfiguration section */

/* Begin XCConfigurationList section */
		0FF380282C22758400C5E632 /* Build configuration list for PBXProject "SEMAI2.0" */ = {
			isa = XCConfigurationList;
			buildConfigurations = (
				0FF380552C22758600C5E632 /* Debug */,
				0FF380562C22758600C5E632 /* Release */,
			);
			defaultConfigurationIsVisible = 0;
			defaultConfigurationName = Release;
		};
		0FF380572C22758600C5E632 /* Build configuration list for PBXNativeTarget "SEMAI2.0" */ = {
			isa = XCConfigurationList;
			buildConfigurations = (
				0FF380582C22758600C5E632 /* Debug */,
				0FF380592C22758600C5E632 /* Release */,
			);
			defaultConfigurationIsVisible = 0;
			defaultConfigurationName = Release;
		};
		0FF3805A2C22758600C5E632 /* Build configuration list for PBXNativeTarget "SEMAI2.0Tests" */ = {
			isa = XCConfigurationList;
			buildConfigurations = (
				0FF3805B2C22758600C5E632 /* Debug */,
				0FF3805C2C22758600C5E632 /* Release */,
			);
			defaultConfigurationIsVisible = 0;
			defaultConfigurationName = Release;
		};
		0FF3805D2C22758600C5E632 /* Build configuration list for PBXNativeTarget "SEMAI2.0UITests" */ = {
			isa = XCConfigurationList;
			buildConfigurations = (
				0FF3805E2C22758600C5E632 /* Debug */,
				0FF3805F2C22758600C5E632 /* Release */,
			);
			defaultConfigurationIsVisible = 0;
			defaultConfigurationName = Release;
		};
/* End XCConfigurationList section */

/* Begin XCVersionGroup section */
		0FF380342C22758400C5E632 /* SEMAI2_0.xcdatamodeld */ = {
			isa = XCVersionGroup;
			children = (
				0FF380352C22758400C5E632 /* SEMAI2_0.xcdatamodel */,
			);
			currentVersion = 0FF380352C22758400C5E632 /* SEMAI2_0.xcdatamodel */;
			path = SEMAI2_0.xcdatamodeld;
			sourceTree = "<group>";
			versionGroupType = wrapper.xcdatamodel;
		};
/* End XCVersionGroup section */
	};
	rootObject = 0FF380252C22758400C5E632 /* Project object */;
}
